
Microsoft Visual Studio Solution File, Format Version 12.00
# Visual Studio Version 17
VisualStudioVersion = 17.8.34309.116
MinimumVisualStudioVersion = 10.0.40219.1
Project("{FAE04EC0-0301-11D3-9B4A-00C04F79EFBC}") = "DesktopSonos", "src\DesktopSonos\DesktopSonos.csproj", "{7C3B1A2D-5E44-4B4E-9F3B-1D2E4A5B6C7D}"
EndProject
Global
	GlobalSection(SolutionConfigurationPlatforms) = preSolution
		Debug|Any CPU = Debug|Any CPU
		Release|Any CPU = Release|Any CPU
	EndGlobalSection
	GlobalSection(ProjectConfigurationPlatforms) = postSolution
		{7C3B1A2D-5E44-4B4E-9F3B-1D2E4A5B6C7D}.Debug|Any CPU.ActiveCfg = Debug|Any CPU
		{7C3B1A2D-5E44-4B4E-9F3B-1D2E4A5B6C7D}.Debug|Any CPU.Build.0 = Debug|Any CPU
		{7C3B1A2D-5E44-4B4E-9F3B-1D2E4A5B6C7D}.Release|Any CPU.ActiveCfg = Release|Any CPU
		{7C3B1A2D-5E44-4B4E-9F3B-1D2E4A5B6C7D}.Release|Any CPU.Build.0 = Release|Any CPU
	EndGlobalSection
	GlobalSection(SolutionProperties) = preSolution
		HideSolutionNode = FALSE
	EndGlobalSection
EndGlobal
